
Microsoft Visual Studio Solution File, Format Version 12.00
# Visual Studio Version 17
VisualStudioVersion = 17.0.31903.59
MinimumVisualStudioVersion = 10.0.40219.1
Project("{8BC9CEB8-8B4A-11D0-8D11-00A0C91BC942}") = "ix3do", "ix3do.vcxproj", "{4F1F3BB8-D107-440A-80F1-03AD6D72538A}"
	ProjectSection(ProjectDependencies) = postProject
		{B0002545-191A-44CD-9CA9-5CF386063F87} = {B0002545-191A-44CD-9CA9-5CF386063F87}
	EndProjectSection
EndProject
Project("{8BC9CEB8-8B4A-11D0-8D11-00A0C91BC942}") = "ix", "..\..\ix\vstudio\ix.vcxproj", "{B0002545-191A-44CD-9CA9-5CF386063F87}"
EndProject
Project("{8BC9CEB8-8B4A-11D0-8D11-00A0C91BC942}") = "assimp", "..\..\assimp\BINARIES\Win32\code\assimp.vcxproj", "{5CC09A92-A0BB-314D-9EC2-DE9AD67F9764}"
EndProject
Global
	GlobalSection(SolutionConfigurationPlatforms) = preSolution
		Debug|x64 = Debug|x64
		Debug|x86 = Debug|x86
		MinSizeRel|x64 = MinSizeRel|x64
		MinSizeRel|x86 = MinSizeRel|x86
		Release|x64 = Release|x64
		Release|x86 = Release|x86
		RelWithDebInfo|x64 = RelWithDebInfo|x64
		RelWithDebInfo|x86 = RelWithDebInfo|x86
		vkDebug|x64 = vkDebug|x64
		vkDebug|x86 = vkDebug|x86
		vkRelease|x64 = vkRelease|x64
		vkRelease|x86 = vkRelease|x86
	EndGlobalSection
	GlobalSection(ProjectConfigurationPlatforms) = postSolution
		{4F1F3BB8-D107-440A-80F1-03AD6D72538A}.Debug|x64.ActiveCfg = Debug|x64
		{4F1F3BB8-D107-440A-80F1-03AD6D72538A}.Debug|x64.Build.0 = Debug|x64
		{4F1F3BB8-D107-440A-80F1-03AD6D72538A}.Debug|x86.ActiveCfg = Debug|Win32
		{4F1F3BB8-D107-440A-80F1-03AD6D72538A}.Debug|x86.Build.0 = Debug|Win32
		{4F1F3BB8-D107-440A-80F1-03AD6D72538A}.MinSizeRel|x64.ActiveCfg = Release|x64
		{4F1F3BB8-D107-440A-80F1-03AD6D72538A}.MinSizeRel|x64.Build.0 = Release|x64
		{4F1F3BB8-D107-440A-80F1-03AD6D72538A}.MinSizeRel|x86.ActiveCfg = Release|Win32
		{4F1F3BB8-D107-440A-80F1-03AD6D72538A}.MinSizeRel|x86.Build.0 = Release|Win32
		{4F1F3BB8-D107-440A-80F1-03AD6D72538A}.Release|x64.ActiveCfg = Release|x64
		{4F1F3BB8-D107-440A-80F1-03AD6D72538A}.Release|x64.Build.0 = Release|x64
		{4F1F3BB8-D107-440A-80F1-03AD6D72538A}.Release|x86.ActiveCfg = Release|Win32
		{4F1F3BB8-D107-440A-80F1-03AD6D72538A}.Release|x86.Build.0 = Release|Win32
		{4F1F3BB8-D107-440A-80F1-03AD6D72538A}.RelWithDebInfo|x64.ActiveCfg = Release|x64
		{4F1F3BB8-D107-440A-80F1-03AD6D72538A}.RelWithDebInfo|x64.Build.0 = Release|x64
		{4F1F3BB8-D107-440A-80F1-03AD6D72538A}.RelWithDebInfo|x86.ActiveCfg = Release|Win32
		{4F1F3BB8-D107-440A-80F1-03AD6D72538A}.RelWithDebInfo|x86.Build.0 = Release|Win32
		{4F1F3BB8-D107-440A-80F1-03AD6D72538A}.vkDebug|x64.ActiveCfg = Debug|x64
		{4F1F3BB8-D107-440A-80F1-03AD6D72538A}.vkDebug|x64.Build.0 = Debug|x64
		{4F1F3BB8-D107-440A-80F1-03AD6D72538A}.vkDebug|x86.ActiveCfg = Debug|Win32
		{4F1F3BB8-D107-440A-80F1-03AD6D72538A}.vkDebug|x86.Build.0 = Debug|Win32
		{4F1F3BB8-D107-440A-80F1-03AD6D72538A}.vkRelease|x64.ActiveCfg = Release|x64
		{4F1F3BB8-D107-440A-80F1-03AD6D72538A}.vkRelease|x64.Build.0 = Release|x64
		{4F1F3BB8-D107-440A-80F1-03AD6D72538A}.vkRelease|x86.ActiveCfg = Release|Win32
		{4F1F3BB8-D107-440A-80F1-03AD6D72538A}.vkRelease|x86.Build.0 = Release|Win32
		{B0002545-191A-44CD-9CA9-5CF386063F87}.Debug|x64.ActiveCfg = vkDebug|x64
		{B0002545-191A-44CD-9CA9-5CF386063F87}.Debug|x64.Build.0 = vkDebug|x64
		{B0002545-191A-44CD-9CA9-5CF386063F87}.Debug|x86.ActiveCfg = Debug|Win32
		{B0002545-191A-44CD-9CA9-5CF386063F87}.Debug|x86.Build.0 = Debug|Win32
		{B0002545-191A-44CD-9CA9-5CF386063F87}.MinSizeRel|x64.ActiveCfg = Debug|x64
		{B0002545-191A-44CD-9CA9-5CF386063F87}.MinSizeRel|x64.Build.0 = Debug|x64
		{B0002545-191A-44CD-9CA9-5CF386063F87}.MinSizeRel|x86.ActiveCfg = vkRelease|Win32
		{B0002545-191A-44CD-9CA9-5CF386063F87}.MinSizeRel|x86.Build.0 = vkRelease|Win32
		{B0002545-191A-44CD-9CA9-5CF386063F87}.Release|x64.ActiveCfg = vkRelease|x64
		{B0002545-191A-44CD-9CA9-5CF386063F87}.Release|x64.Build.0 = vkRelease|x64
		{B0002545-191A-44CD-9CA9-5CF386063F87}.Release|x86.ActiveCfg = Release|Win32
		{B0002545-191A-44CD-9CA9-5CF386063F87}.Release|x86.Build.0 = Release|Win32
		{B0002545-191A-44CD-9CA9-5CF386063F87}.RelWithDebInfo|x64.ActiveCfg = Release|x64
		{B0002545-191A-44CD-9CA9-5CF386063F87}.RelWithDebInfo|x64.Build.0 = Release|x64
		{B0002545-191A-44CD-9CA9-5CF386063F87}.RelWithDebInfo|x86.ActiveCfg = Release|Win32
		{B0002545-191A-44CD-9CA9-5CF386063F87}.RelWithDebInfo|x86.Build.0 = Release|Win32
		{B0002545-191A-44CD-9CA9-5CF386063F87}.vkDebug|x64.ActiveCfg = vkDebug|x64
		{B0002545-191A-44CD-9CA9-5CF386063F87}.vkDebug|x64.Build.0 = vkDebug|x64
		{B0002545-191A-44CD-9CA9-5CF386063F87}.vkDebug|x86.ActiveCfg = vkDebug|Win32
		{B0002545-191A-44CD-9CA9-5CF386063F87}.vkDebug|x86.Build.0 = vkDebug|Win32
		{B0002545-191A-44CD-9CA9-5CF386063F87}.vkRelease|x64.ActiveCfg = vkRelease|x64
		{B0002545-191A-44CD-9CA9-5CF386063F87}.vkRelease|x64.Build.0 = vkRelease|x64
		{B0002545-191A-44CD-9CA9-5CF386063F87}.vkRelease|x86.ActiveCfg = vkRelease|Win32
		{B0002545-191A-44CD-9CA9-5CF386063F87}.vkRelease|x86.Build.0 = vkRelease|Win32
		{5CC09A92-A0BB-314D-9EC2-DE9AD67F9764}.Debug|x64.ActiveCfg = Debug|x64
		{5CC09A92-A0BB-314D-9EC2-DE9AD67F9764}.Debug|x64.Build.0 = Debug|x64
		{5CC09A92-A0BB-314D-9EC2-DE9AD67F9764}.Debug|x86.ActiveCfg = Debug|x64
		{5CC09A92-A0BB-314D-9EC2-DE9AD67F9764}.Debug|x86.Build.0 = Debug|x64
		{5CC09A92-A0BB-314D-9EC2-DE9AD67F9764}.MinSizeRel|x64.ActiveCfg = MinSizeRel|x64
		{5CC09A92-A0BB-314D-9EC2-DE9AD67F9764}.MinSizeRel|x64.Build.0 = MinSizeRel|x64
		{5CC09A92-A0BB-314D-9EC2-DE9AD67F9764}.MinSizeRel|x86.ActiveCfg = MinSizeRel|x64
		{5CC09A92-A0BB-314D-9EC2-DE9AD67F9764}.MinSizeRel|x86.Build.0 = MinSizeRel|x64
		{5CC09A92-A0BB-314D-9EC2-DE9AD67F9764}.Release|x64.ActiveCfg = Release|x64
		{5CC09A92-A0BB-314D-9EC2-DE9AD67F9764}.Release|x64.Build.0 = Release|x64
		{5CC09A92-A0BB-314D-9EC2-DE9AD67F9764}.Release|x86.ActiveCfg = Release|x64
		{5CC09A92-A0BB-314D-9EC2-DE9AD67F9764}.Release|x86.Build.0 = Release|x64
		{5CC09A92-A0BB-314D-9EC2-DE9AD67F9764}.RelWithDebInfo|x64.ActiveCfg = RelWithDebInfo|x64
		{5CC09A92-A0BB-314D-9EC2-DE9AD67F9764}.RelWithDebInfo|x64.Build.0 = RelWithDebInfo|x64
		{5CC09A92-A0BB-314D-9EC2-DE9AD67F9764}.RelWithDebInfo|x86.ActiveCfg = RelWithDebInfo|x64
		{5CC09A92-A0BB-314D-9EC2-DE9AD67F9764}.RelWithDebInfo|x86.Build.0 = RelWithDebInfo|x64
		{5CC09A92-A0BB-314D-9EC2-DE9AD67F9764}.vkDebug|x64.ActiveCfg = Debug|x64
		{5CC09A92-A0BB-314D-9EC2-DE9AD67F9764}.vkDebug|x64.Build.0 = Debug|x64
		{5CC09A92-A0BB-314D-9EC2-DE9AD67F9764}.vkDebug|x86.ActiveCfg = RelWithDebInfo|x64
		{5CC09A92-A0BB-314D-9EC2-DE9AD67F9764}.vkDebug|x86.Build.0 = RelWithDebInfo|x64
		{5CC09A92-A0BB-314D-9EC2-DE9AD67F9764}.vkRelease|x64.ActiveCfg = Release|x64
		{5CC09A92-A0BB-314D-9EC2-DE9AD67F9764}.vkRelease|x64.Build.0 = Release|x64
		{5CC09A92-A0BB-314D-9EC2-DE9AD67F9764}.vkRelease|x86.ActiveCfg = RelWithDebInfo|x64
		{5CC09A92-A0BB-314D-9EC2-DE9AD67F9764}.vkRelease|x86.Build.0 = RelWithDebInfo|x64
	EndGlobalSection
	GlobalSection(SolutionProperties) = preSolution
		HideSolutionNode = FALSE
	EndGlobalSection
	GlobalSection(ExtensibilityGlobals) = postSolution
		SolutionGuid = {054582C0-183B-4D71-880E-3F26D68388A2}
	EndGlobalSection
EndGlobal
