
Microsoft Visual Studio Solution File, Format Version 12.00
# Visual Studio Version 17
VisualStudioVersion = 17.0.31903.59
MinimumVisualStudioVersion = 10.0.40219.1
Project("{8BC9CEB8-8B4A-11D0-8D11-00A0C91BC942}") = "ix", "..\..\ix\vstudio\ix.vcxproj", "{B0002545-191A-44CD-9CA9-5CF386063F87}"
	ProjectSection(ProjectDependencies) = postProject
		{00A87F24-CF13-4904-858D-783E5154643B} = {00A87F24-CF13-4904-858D-783E5154643B}
	EndProjectSection
EndProject
Project("{8BC9CEB8-8B4A-11D0-8D11-00A0C91BC942}") = "OSInteraction", "..\..\osi\vstudio\OSInteraction.vcxproj", "{00A87F24-CF13-4904-858D-783E5154643B}"
EndProject
Project("{8BC9CEB8-8B4A-11D0-8D11-00A0C91BC942}") = "assimp", "..\..\assimp\code\assimp.vcxproj", "{FB61DFAC-912F-3A0A-A5E3-E30F0354B8F4}"
EndProject
Project("{8BC9CEB8-8B4A-11D0-8D11-00A0C91BC942}") = "ixEditor", "ixEditor.vcxproj", "{4F1F3BB8-D107-440A-80F1-03AD6D72538A}"
	ProjectSection(ProjectDependencies) = postProject
		{00A87F24-CF13-4904-858D-783E5154643B} = {00A87F24-CF13-4904-858D-783E5154643B}
		{B0002545-191A-44CD-9CA9-5CF386063F87} = {B0002545-191A-44CD-9CA9-5CF386063F87}
	EndProjectSection
EndProject
Project("{8BC9CEB8-8B4A-11D0-8D11-00A0C91BC942}") = "vko", "..\..\vko\vstudio\vko.vcxproj", "{9C1F1393-441E-4824-8AC6-0DFBA523F97E}"
EndProject
Global
	GlobalSection(SolutionConfigurationPlatforms) = preSolution
		Debug|x64 = Debug|x64
		Debug|x86 = Debug|x86
		glDebug|x64 = glDebug|x64
		glDebug|x86 = glDebug|x86
		glRelease|x64 = glRelease|x64
		glRelease|x86 = glRelease|x86
		MinSizeRel|x64 = MinSizeRel|x64
		MinSizeRel|x86 = MinSizeRel|x86
		Release|x64 = Release|x64
		Release|x86 = Release|x86
		RelWithDebInfo|x64 = RelWithDebInfo|x64
		RelWithDebInfo|x86 = RelWithDebInfo|x86
		vkDebug|x64 = vkDebug|x64
		vkDebug|x86 = vkDebug|x86
		vkRelease|x64 = vkRelease|x64
		vkRelease|x86 = vkRelease|x86
	EndGlobalSection
	GlobalSection(ProjectConfigurationPlatforms) = postSolution
		{B0002545-191A-44CD-9CA9-5CF386063F87}.Debug|x64.ActiveCfg = vkDebug|x64
		{B0002545-191A-44CD-9CA9-5CF386063F87}.Debug|x64.Build.0 = vkDebug|x64
		{B0002545-191A-44CD-9CA9-5CF386063F87}.Debug|x86.ActiveCfg = Debug|Win32
		{B0002545-191A-44CD-9CA9-5CF386063F87}.Debug|x86.Build.0 = Debug|Win32
		{B0002545-191A-44CD-9CA9-5CF386063F87}.glDebug|x64.ActiveCfg = Debug|x64
		{B0002545-191A-44CD-9CA9-5CF386063F87}.glDebug|x64.Build.0 = Debug|x64
		{B0002545-191A-44CD-9CA9-5CF386063F87}.glDebug|x86.ActiveCfg = Debug|Win32
		{B0002545-191A-44CD-9CA9-5CF386063F87}.glDebug|x86.Build.0 = Debug|Win32
		{B0002545-191A-44CD-9CA9-5CF386063F87}.glRelease|x64.ActiveCfg = Release|x64
		{B0002545-191A-44CD-9CA9-5CF386063F87}.glRelease|x64.Build.0 = Release|x64
		{B0002545-191A-44CD-9CA9-5CF386063F87}.glRelease|x86.ActiveCfg = Release|Win32
		{B0002545-191A-44CD-9CA9-5CF386063F87}.glRelease|x86.Build.0 = Release|Win32
		{B0002545-191A-44CD-9CA9-5CF386063F87}.MinSizeRel|x64.ActiveCfg = Debug|x64
		{B0002545-191A-44CD-9CA9-5CF386063F87}.MinSizeRel|x64.Build.0 = Debug|x64
		{B0002545-191A-44CD-9CA9-5CF386063F87}.MinSizeRel|x86.ActiveCfg = vkRelease|Win32
		{B0002545-191A-44CD-9CA9-5CF386063F87}.MinSizeRel|x86.Build.0 = vkRelease|Win32
		{B0002545-191A-44CD-9CA9-5CF386063F87}.Release|x64.ActiveCfg = vkRelease|x64
		{B0002545-191A-44CD-9CA9-5CF386063F87}.Release|x64.Build.0 = vkRelease|x64
		{B0002545-191A-44CD-9CA9-5CF386063F87}.Release|x86.ActiveCfg = Release|Win32
		{B0002545-191A-44CD-9CA9-5CF386063F87}.Release|x86.Build.0 = Release|Win32
		{B0002545-191A-44CD-9CA9-5CF386063F87}.RelWithDebInfo|x64.ActiveCfg = Release|x64
		{B0002545-191A-44CD-9CA9-5CF386063F87}.RelWithDebInfo|x64.Build.0 = Release|x64
		{B0002545-191A-44CD-9CA9-5CF386063F87}.RelWithDebInfo|x86.ActiveCfg = Release|Win32
		{B0002545-191A-44CD-9CA9-5CF386063F87}.RelWithDebInfo|x86.Build.0 = Release|Win32
		{B0002545-191A-44CD-9CA9-5CF386063F87}.vkDebug|x64.ActiveCfg = vkDebug|x64
		{B0002545-191A-44CD-9CA9-5CF386063F87}.vkDebug|x64.Build.0 = vkDebug|x64
		{B0002545-191A-44CD-9CA9-5CF386063F87}.vkDebug|x86.ActiveCfg = vkDebug|Win32
		{B0002545-191A-44CD-9CA9-5CF386063F87}.vkDebug|x86.Build.0 = vkDebug|Win32
		{B0002545-191A-44CD-9CA9-5CF386063F87}.vkRelease|x64.ActiveCfg = vkRelease|x64
		{B0002545-191A-44CD-9CA9-5CF386063F87}.vkRelease|x64.Build.0 = vkRelease|x64
		{B0002545-191A-44CD-9CA9-5CF386063F87}.vkRelease|x86.ActiveCfg = vkRelease|Win32
		{B0002545-191A-44CD-9CA9-5CF386063F87}.vkRelease|x86.Build.0 = vkRelease|Win32
		{00A87F24-CF13-4904-858D-783E5154643B}.Debug|x64.ActiveCfg = Debug|x64
		{00A87F24-CF13-4904-858D-783E5154643B}.Debug|x64.Build.0 = Debug|x64
		{00A87F24-CF13-4904-858D-783E5154643B}.Debug|x86.ActiveCfg = Debug|Win32
		{00A87F24-CF13-4904-858D-783E5154643B}.Debug|x86.Build.0 = Debug|Win32
		{00A87F24-CF13-4904-858D-783E5154643B}.glDebug|x64.ActiveCfg = glDebug|x64
		{00A87F24-CF13-4904-858D-783E5154643B}.glDebug|x64.Build.0 = glDebug|x64
		{00A87F24-CF13-4904-858D-783E5154643B}.glDebug|x86.ActiveCfg = glDebug|Win32
		{00A87F24-CF13-4904-858D-783E5154643B}.glDebug|x86.Build.0 = glDebug|Win32
		{00A87F24-CF13-4904-858D-783E5154643B}.glRelease|x64.ActiveCfg = glRelease|x64
		{00A87F24-CF13-4904-858D-783E5154643B}.glRelease|x64.Build.0 = glRelease|x64
		{00A87F24-CF13-4904-858D-783E5154643B}.glRelease|x86.ActiveCfg = glRelease|Win32
		{00A87F24-CF13-4904-858D-783E5154643B}.glRelease|x86.Build.0 = glRelease|Win32
		{00A87F24-CF13-4904-858D-783E5154643B}.MinSizeRel|x64.ActiveCfg = glRelease|x64
		{00A87F24-CF13-4904-858D-783E5154643B}.MinSizeRel|x64.Build.0 = glRelease|x64
		{00A87F24-CF13-4904-858D-783E5154643B}.MinSizeRel|x86.ActiveCfg = Debug|Win32
		{00A87F24-CF13-4904-858D-783E5154643B}.MinSizeRel|x86.Build.0 = Debug|Win32
		{00A87F24-CF13-4904-858D-783E5154643B}.Release|x64.ActiveCfg = Release|x64
		{00A87F24-CF13-4904-858D-783E5154643B}.Release|x64.Build.0 = Release|x64
		{00A87F24-CF13-4904-858D-783E5154643B}.Release|x86.ActiveCfg = Release|Win32
		{00A87F24-CF13-4904-858D-783E5154643B}.Release|x86.Build.0 = Release|Win32
		{00A87F24-CF13-4904-858D-783E5154643B}.RelWithDebInfo|x64.ActiveCfg = Release|x64
		{00A87F24-CF13-4904-858D-783E5154643B}.RelWithDebInfo|x64.Build.0 = Release|x64
		{00A87F24-CF13-4904-858D-783E5154643B}.RelWithDebInfo|x86.ActiveCfg = Release|Win32
		{00A87F24-CF13-4904-858D-783E5154643B}.RelWithDebInfo|x86.Build.0 = Release|Win32
		{00A87F24-CF13-4904-858D-783E5154643B}.vkDebug|x64.ActiveCfg = vkDebug|x64
		{00A87F24-CF13-4904-858D-783E5154643B}.vkDebug|x64.Build.0 = vkDebug|x64
		{00A87F24-CF13-4904-858D-783E5154643B}.vkDebug|x86.ActiveCfg = vkDebug|Win32
		{00A87F24-CF13-4904-858D-783E5154643B}.vkDebug|x86.Build.0 = vkDebug|Win32
		{00A87F24-CF13-4904-858D-783E5154643B}.vkRelease|x64.ActiveCfg = vkRelease|x64
		{00A87F24-CF13-4904-858D-783E5154643B}.vkRelease|x64.Build.0 = vkRelease|x64
		{00A87F24-CF13-4904-858D-783E5154643B}.vkRelease|x86.ActiveCfg = vkRelease|Win32
		{00A87F24-CF13-4904-858D-783E5154643B}.vkRelease|x86.Build.0 = vkRelease|Win32
		{FB61DFAC-912F-3A0A-A5E3-E30F0354B8F4}.Debug|x64.ActiveCfg = Debug|x64
		{FB61DFAC-912F-3A0A-A5E3-E30F0354B8F4}.Debug|x64.Build.0 = Debug|x64
		{FB61DFAC-912F-3A0A-A5E3-E30F0354B8F4}.Debug|x86.ActiveCfg = Debug|x64
		{FB61DFAC-912F-3A0A-A5E3-E30F0354B8F4}.Debug|x86.Build.0 = Debug|x64
		{FB61DFAC-912F-3A0A-A5E3-E30F0354B8F4}.glDebug|x64.ActiveCfg = Debug|x64
		{FB61DFAC-912F-3A0A-A5E3-E30F0354B8F4}.glDebug|x64.Build.0 = Debug|x64
		{FB61DFAC-912F-3A0A-A5E3-E30F0354B8F4}.glDebug|x86.ActiveCfg = Debug|x64
		{FB61DFAC-912F-3A0A-A5E3-E30F0354B8F4}.glDebug|x86.Build.0 = Debug|x64
		{FB61DFAC-912F-3A0A-A5E3-E30F0354B8F4}.glRelease|x64.ActiveCfg = Release|x64
		{FB61DFAC-912F-3A0A-A5E3-E30F0354B8F4}.glRelease|x64.Build.0 = Release|x64
		{FB61DFAC-912F-3A0A-A5E3-E30F0354B8F4}.glRelease|x86.ActiveCfg = Release|x64
		{FB61DFAC-912F-3A0A-A5E3-E30F0354B8F4}.glRelease|x86.Build.0 = Release|x64
		{FB61DFAC-912F-3A0A-A5E3-E30F0354B8F4}.MinSizeRel|x64.ActiveCfg = MinSizeRel|x64
		{FB61DFAC-912F-3A0A-A5E3-E30F0354B8F4}.MinSizeRel|x64.Build.0 = MinSizeRel|x64
		{FB61DFAC-912F-3A0A-A5E3-E30F0354B8F4}.MinSizeRel|x86.ActiveCfg = MinSizeRel|x64
		{FB61DFAC-912F-3A0A-A5E3-E30F0354B8F4}.MinSizeRel|x86.Build.0 = MinSizeRel|x64
		{FB61DFAC-912F-3A0A-A5E3-E30F0354B8F4}.Release|x64.ActiveCfg = Release|x64
		{FB61DFAC-912F-3A0A-A5E3-E30F0354B8F4}.Release|x64.Build.0 = Release|x64
		{FB61DFAC-912F-3A0A-A5E3-E30F0354B8F4}.Release|x86.ActiveCfg = Release|x64
		{FB61DFAC-912F-3A0A-A5E3-E30F0354B8F4}.Release|x86.Build.0 = Release|x64
		{FB61DFAC-912F-3A0A-A5E3-E30F0354B8F4}.RelWithDebInfo|x64.ActiveCfg = RelWithDebInfo|x64
		{FB61DFAC-912F-3A0A-A5E3-E30F0354B8F4}.RelWithDebInfo|x64.Build.0 = RelWithDebInfo|x64
		{FB61DFAC-912F-3A0A-A5E3-E30F0354B8F4}.RelWithDebInfo|x86.ActiveCfg = RelWithDebInfo|x64
		{FB61DFAC-912F-3A0A-A5E3-E30F0354B8F4}.RelWithDebInfo|x86.Build.0 = RelWithDebInfo|x64
		{FB61DFAC-912F-3A0A-A5E3-E30F0354B8F4}.vkDebug|x64.ActiveCfg = Debug|x64
		{FB61DFAC-912F-3A0A-A5E3-E30F0354B8F4}.vkDebug|x86.ActiveCfg = Debug|x64
		{FB61DFAC-912F-3A0A-A5E3-E30F0354B8F4}.vkDebug|x86.Build.0 = Debug|x64
		{FB61DFAC-912F-3A0A-A5E3-E30F0354B8F4}.vkRelease|x64.ActiveCfg = Release|x64
		{FB61DFAC-912F-3A0A-A5E3-E30F0354B8F4}.vkRelease|x86.ActiveCfg = Release|x64
		{FB61DFAC-912F-3A0A-A5E3-E30F0354B8F4}.vkRelease|x86.Build.0 = Release|x64
		{4F1F3BB8-D107-440A-80F1-03AD6D72538A}.Debug|x64.ActiveCfg = Debug|x64
		{4F1F3BB8-D107-440A-80F1-03AD6D72538A}.Debug|x64.Build.0 = Debug|x64
		{4F1F3BB8-D107-440A-80F1-03AD6D72538A}.Debug|x86.ActiveCfg = Debug|Win32
		{4F1F3BB8-D107-440A-80F1-03AD6D72538A}.Debug|x86.Build.0 = Debug|Win32
		{4F1F3BB8-D107-440A-80F1-03AD6D72538A}.glDebug|x64.ActiveCfg = Debug|x64
		{4F1F3BB8-D107-440A-80F1-03AD6D72538A}.glDebug|x64.Build.0 = Debug|x64
		{4F1F3BB8-D107-440A-80F1-03AD6D72538A}.glDebug|x86.ActiveCfg = Debug|Win32
		{4F1F3BB8-D107-440A-80F1-03AD6D72538A}.glDebug|x86.Build.0 = Debug|Win32
		{4F1F3BB8-D107-440A-80F1-03AD6D72538A}.glRelease|x64.ActiveCfg = Release|x64
		{4F1F3BB8-D107-440A-80F1-03AD6D72538A}.glRelease|x64.Build.0 = Release|x64
		{4F1F3BB8-D107-440A-80F1-03AD6D72538A}.glRelease|x86.ActiveCfg = Release|Win32
		{4F1F3BB8-D107-440A-80F1-03AD6D72538A}.glRelease|x86.Build.0 = Release|Win32
		{4F1F3BB8-D107-440A-80F1-03AD6D72538A}.MinSizeRel|x64.ActiveCfg = Debug|x64
		{4F1F3BB8-D107-440A-80F1-03AD6D72538A}.MinSizeRel|x64.Build.0 = Debug|x64
		{4F1F3BB8-D107-440A-80F1-03AD6D72538A}.MinSizeRel|x86.ActiveCfg = Debug|Win32
		{4F1F3BB8-D107-440A-80F1-03AD6D72538A}.MinSizeRel|x86.Build.0 = Debug|Win32
		{4F1F3BB8-D107-440A-80F1-03AD6D72538A}.Release|x64.ActiveCfg = Release|x64
		{4F1F3BB8-D107-440A-80F1-03AD6D72538A}.Release|x64.Build.0 = Release|x64
		{4F1F3BB8-D107-440A-80F1-03AD6D72538A}.Release|x86.ActiveCfg = Release|Win32
		{4F1F3BB8-D107-440A-80F1-03AD6D72538A}.Release|x86.Build.0 = Release|Win32
		{4F1F3BB8-D107-440A-80F1-03AD6D72538A}.RelWithDebInfo|x64.ActiveCfg = Release|x64
		{4F1F3BB8-D107-440A-80F1-03AD6D72538A}.RelWithDebInfo|x64.Build.0 = Release|x64
		{4F1F3BB8-D107-440A-80F1-03AD6D72538A}.RelWithDebInfo|x86.ActiveCfg = Release|Win32
		{4F1F3BB8-D107-440A-80F1-03AD6D72538A}.RelWithDebInfo|x86.Build.0 = Release|Win32
		{4F1F3BB8-D107-440A-80F1-03AD6D72538A}.vkDebug|x64.ActiveCfg = Debug|x64
		{4F1F3BB8-D107-440A-80F1-03AD6D72538A}.vkDebug|x64.Build.0 = Debug|x64
		{4F1F3BB8-D107-440A-80F1-03AD6D72538A}.vkDebug|x86.ActiveCfg = Debug|Win32
		{4F1F3BB8-D107-440A-80F1-03AD6D72538A}.vkDebug|x86.Build.0 = Debug|Win32
		{4F1F3BB8-D107-440A-80F1-03AD6D72538A}.vkRelease|x64.ActiveCfg = Release|x64
		{4F1F3BB8-D107-440A-80F1-03AD6D72538A}.vkRelease|x64.Build.0 = Release|x64
		{4F1F3BB8-D107-440A-80F1-03AD6D72538A}.vkRelease|x86.ActiveCfg = Release|Win32
		{4F1F3BB8-D107-440A-80F1-03AD6D72538A}.vkRelease|x86.Build.0 = Release|Win32
		{9C1F1393-441E-4824-8AC6-0DFBA523F97E}.Debug|x64.ActiveCfg = Debug|x64
		{9C1F1393-441E-4824-8AC6-0DFBA523F97E}.Debug|x64.Build.0 = Debug|x64
		{9C1F1393-441E-4824-8AC6-0DFBA523F97E}.Debug|x86.ActiveCfg = Debug|Win32
		{9C1F1393-441E-4824-8AC6-0DFBA523F97E}.Debug|x86.Build.0 = Debug|Win32
		{9C1F1393-441E-4824-8AC6-0DFBA523F97E}.glDebug|x64.ActiveCfg = Debug|x64
		{9C1F1393-441E-4824-8AC6-0DFBA523F97E}.glDebug|x64.Build.0 = Debug|x64
		{9C1F1393-441E-4824-8AC6-0DFBA523F97E}.glDebug|x86.ActiveCfg = Debug|Win32
		{9C1F1393-441E-4824-8AC6-0DFBA523F97E}.glDebug|x86.Build.0 = Debug|Win32
		{9C1F1393-441E-4824-8AC6-0DFBA523F97E}.glRelease|x64.ActiveCfg = Release|x64
		{9C1F1393-441E-4824-8AC6-0DFBA523F97E}.glRelease|x64.Build.0 = Release|x64
		{9C1F1393-441E-4824-8AC6-0DFBA523F97E}.glRelease|x86.ActiveCfg = Release|Win32
		{9C1F1393-441E-4824-8AC6-0DFBA523F97E}.glRelease|x86.Build.0 = Release|Win32
		{9C1F1393-441E-4824-8AC6-0DFBA523F97E}.MinSizeRel|x64.ActiveCfg = Debug|x64
		{9C1F1393-441E-4824-8AC6-0DFBA523F97E}.MinSizeRel|x64.Build.0 = Debug|x64
		{9C1F1393-441E-4824-8AC6-0DFBA523F97E}.MinSizeRel|x86.ActiveCfg = Debug|Win32
		{9C1F1393-441E-4824-8AC6-0DFBA523F97E}.MinSizeRel|x86.Build.0 = Debug|Win32
		{9C1F1393-441E-4824-8AC6-0DFBA523F97E}.Release|x64.ActiveCfg = Release|x64
		{9C1F1393-441E-4824-8AC6-0DFBA523F97E}.Release|x64.Build.0 = Release|x64
		{9C1F1393-441E-4824-8AC6-0DFBA523F97E}.Release|x86.ActiveCfg = Release|Win32
		{9C1F1393-441E-4824-8AC6-0DFBA523F97E}.Release|x86.Build.0 = Release|Win32
		{9C1F1393-441E-4824-8AC6-0DFBA523F97E}.RelWithDebInfo|x64.ActiveCfg = Release|x64
		{9C1F1393-441E-4824-8AC6-0DFBA523F97E}.RelWithDebInfo|x64.Build.0 = Release|x64
		{9C1F1393-441E-4824-8AC6-0DFBA523F97E}.RelWithDebInfo|x86.ActiveCfg = Release|Win32
		{9C1F1393-441E-4824-8AC6-0DFBA523F97E}.RelWithDebInfo|x86.Build.0 = Release|Win32
		{9C1F1393-441E-4824-8AC6-0DFBA523F97E}.vkDebug|x64.ActiveCfg = Debug|x64
		{9C1F1393-441E-4824-8AC6-0DFBA523F97E}.vkDebug|x64.Build.0 = Debug|x64
		{9C1F1393-441E-4824-8AC6-0DFBA523F97E}.vkDebug|x86.ActiveCfg = Debug|Win32
		{9C1F1393-441E-4824-8AC6-0DFBA523F97E}.vkDebug|x86.Build.0 = Debug|Win32
		{9C1F1393-441E-4824-8AC6-0DFBA523F97E}.vkRelease|x64.ActiveCfg = Release|x64
		{9C1F1393-441E-4824-8AC6-0DFBA523F97E}.vkRelease|x64.Build.0 = Release|x64
		{9C1F1393-441E-4824-8AC6-0DFBA523F97E}.vkRelease|x86.ActiveCfg = Release|Win32
		{9C1F1393-441E-4824-8AC6-0DFBA523F97E}.vkRelease|x86.Build.0 = Release|Win32
	EndGlobalSection
	GlobalSection(SolutionProperties) = preSolution
		HideSolutionNode = FALSE
	EndGlobalSection
	GlobalSection(ExtensibilityGlobals) = postSolution
		SolutionGuid = {054582C0-183B-4D71-880E-3F26D68388A2}
	EndGlobalSection
EndGlobal
